
Microsoft Visual Studio Solution File, Format Version 12.00
# Visual Studio Version 16
VisualStudioVersion = 16.0.31129.286
MinimumVisualStudioVersion = 10.0.40219.1
Project("{2150E333-8FDC-42A3-9474-1A3956D46DE8}") = "Solution Items", "Solution Items", "{00CFDCD9-7F2C-40AD-A6B2-C4860A4096C2}"
	ProjectSection(SolutionItems) = preProject
		Details.txt = Details.txt
	EndProjectSection
EndProject
Project("{FAE04EC0-301F-11D3-BF4B-00C04F79EFBC}") = "B21_Ex05", "B21_Ex05\B21_Ex05.csproj", "{97DDD86A-A30E-4653-B459-9BC9516B60E9}"
EndProject
Global
	GlobalSection(SolutionConfigurationPlatforms) = preSolution
		Debug|Any CPU = Debug|Any CPU
		Release|Any CPU = Release|Any CPU
	EndGlobalSection
	GlobalSection(ProjectConfigurationPlatforms) = postSolution
		{97DDD86A-A30E-4653-B459-9BC9516B60E9}.Debug|Any CPU.ActiveCfg = Debug|Any CPU
		{97DDD86A-A30E-4653-B459-9BC9516B60E9}.Debug|Any CPU.Build.0 = Debug|Any CPU
		{97DDD86A-A30E-4653-B459-9BC9516B60E9}.Release|Any CPU.ActiveCfg = Release|Any CPU
		{97DDD86A-A30E-4653-B459-9BC9516B60E9}.Release|Any CPU.Build.0 = Release|Any CPU
	EndGlobalSection
	GlobalSection(SolutionProperties) = preSolution
		HideSolutionNode = FALSE
	EndGlobalSection
	GlobalSection(NestedProjects) = preSolution
		{97DDD86A-A30E-4653-B459-9BC9516B60E9} = {00CFDCD9-7F2C-40AD-A6B2-C4860A4096C2}
	EndGlobalSection
	GlobalSection(ExtensibilityGlobals) = postSolution
		SolutionGuid = {D720FA1F-F2C9-4A77-8976-446BEC0C7BAA}
	EndGlobalSection
EndGlobal
